// !$*UTF8*$!
{
	archiveVersion = 1;
	classes = {
	};
	objectVersion = 46;
	objects = {

/* Begin PBXBuildFile section */
		21010FF91A512C7700A1D19E /* SettingsViewController.swift in Sources */ = {isa = PBXBuildFile; fileRef = 21010FF81A512C7700A1D19E /* SettingsViewController.swift */; };
		219957251A508C6800ADCBF0 /* AppDelegate.swift in Sources */ = {isa = PBXBuildFile; fileRef = 219957241A508C6800ADCBF0 /* AppDelegate.swift */; };
		219957271A508C6800ADCBF0 /* ViewController.swift in Sources */ = {isa = PBXBuildFile; fileRef = 219957261A508C6800ADCBF0 /* ViewController.swift */; };
		2199572A1A508C6800ADCBF0 /* Main.storyboard in Resources */ = {isa = PBXBuildFile; fileRef = 219957281A508C6800ADCBF0 /* Main.storyboard */; };
		2199572C1A508C6800ADCBF0 /* Images.xcassets in Resources */ = {isa = PBXBuildFile; fileRef = 2199572B1A508C6800ADCBF0 /* Images.xcassets */; };
		2199572F1A508C6800ADCBF0 /* LaunchScreen.xib in Resources */ = {isa = PBXBuildFile; fileRef = 2199572D1A508C6800ADCBF0 /* LaunchScreen.xib */; };
		2199573B1A508C6900ADCBF0 /* tipsTests.swift in Sources */ = {isa = PBXBuildFile; fileRef = 2199573A1A508C6900ADCBF0 /* tipsTests.swift */; };
		219957491A50D25700ADCBF0 /* Settings.bundle in Resources */ = {isa = PBXBuildFile; fileRef = 219957481A50D25700ADCBF0 /* Settings.bundle */; };
/* End PBXBuildFile section */

/* Begin PBXContainerItemProxy section */
		219957351A508C6900ADCBF0 /* PBXContainerItemProxy */ = {
			isa = PBXContainerItemProxy;
			containerPortal = 219957171A508C6800ADCBF0 /* Project object */;
			proxyType = 1;
			remoteGlobalIDString = 2199571E1A508C6800ADCBF0;
			remoteInfo = tips;
		};
/* End PBXContainerItemProxy section */

/* Begin PBXFileReference section */
		21010FF81A512C7700A1D19E /* SettingsViewController.swift */ = {isa = PBXFileReference; fileEncoding = 4; lastKnownFileType = sourcecode.swift; path = SettingsViewController.swift; sourceTree = "<group>"; };
		2199571F1A508C6800ADCBF0 /* tips.app */ = {isa = PBXFileReference; explicitFileType = wrapper.application; includeInIndex = 0; path = tips.app; sourceTree = BUILT_PRODUCTS_DIR; };
		219957231A508C6800ADCBF0 /* Info.plist */ = {isa = PBXFileReference; lastKnownFileType = text.plist.xml; path = Info.plist; sourceTree = "<group>"; };
		219957241A508C6800ADCBF0 /* AppDelegate.swift */ = {isa = PBXFileReference; lastKnownFileType = sourcecode.swift; path = AppDelegate.swift; sourceTree = "<group>"; };
		219957261A508C6800ADCBF0 /* ViewController.swift */ = {isa = PBXFileReference; lastKnownFileType = sourcecode.swift; path = ViewController.swift; sourceTree = "<group>"; };
		219957291A508C6800ADCBF0 /* Base */ = {isa = PBXFileReference; lastKnownFileType = file.storyboard; name = Base; path = Base.lproj/Main.storyboard; sourceTree = "<group>"; };
		2199572B1A508C6800ADCBF0 /* Images.xcassets */ = {isa = PBXFileReference; lastKnownFileType = folder.assetcatalog; path = Images.xcassets; sourceTree = "<group>"; };
		2199572E1A508C6800ADCBF0 /* Base */ = {isa = PBXFileReference; lastKnownFileType = file.xib; name = Base; path = Base.lproj/LaunchScreen.xib; sourceTree = "<group>"; };
		219957341A508C6900ADCBF0 /* tipsTests.xctest */ = {isa = PBXFileReference; explicitFileType = wrapper.cfbundle; includeInIndex = 0; path = tipsTests.xctest; sourceTree = BUILT_PRODUCTS_DIR; };
		219957391A508C6900ADCBF0 /* Info.plist */ = {isa = PBXFileReference; lastKnownFileType = text.plist.xml; path = Info.plist; sourceTree = "<group>"; };
		2199573A1A508C6900ADCBF0 /* tipsTests.swift */ = {isa = PBXFileReference; lastKnownFileType = sourcecode.swift; path = tipsTests.swift; sourceTree = "<group>"; };
		219957481A50D25700ADCBF0 /* Settings.bundle */ = {isa = PBXFileReference; lastKnownFileType = "wrapper.plug-in"; path = Settings.bundle; sourceTree = "<group>"; };
/* End PBXFileReference section */

/* Begin PBXFrameworksBuildPhase section */
		2199571C1A508C6800ADCBF0 /* Frameworks */ = {
			isa = PBXFrameworksBuildPhase;
			buildActionMask = 2147483647;
			files = (
			);
			runOnlyForDeploymentPostprocessing = 0;
		};
		219957311A508C6900ADCBF0 /* Frameworks */ = {
			isa = PBXFrameworksBuildPhase;
			buildActionMask = 2147483647;
			files = (
			);
			runOnlyForDeploymentPostprocessing = 0;
		};
/* End PBXFrameworksBuildPhase section */

/* Begin PBXGroup section */
		219957161A508C6800ADCBF0 = {
			isa = PBXGroup;
			children = (
				219957211A508C6800ADCBF0 /* tips */,
				219957371A508C6900ADCBF0 /* tipsTests */,
				219957201A508C6800ADCBF0 /* Products */,
			);
			sourceTree = "<group>";
		};
		219957201A508C6800ADCBF0 /* Products */ = {
			isa = PBXGroup;
			children = (
				2199571F1A508C6800ADCBF0 /* tips.app */,
				219957341A508C6900ADCBF0 /* tipsTests.xctest */,
			);
			name = Products;
			sourceTree = "<group>";
		};
		219957211A508C6800ADCBF0 /* tips */ = {
			isa = PBXGroup;
			children = (
				219957241A508C6800ADCBF0 /* AppDelegate.swift */,
				219957261A508C6800ADCBF0 /* ViewController.swift */,
				21010FF81A512C7700A1D19E /* SettingsViewController.swift */,
				219957281A508C6800ADCBF0 /* Main.storyboard */,
				2199572B1A508C6800ADCBF0 /* Images.xcassets */,
				2199572D1A508C6800ADCBF0 /* LaunchScreen.xib */,
				219957221A508C6800ADCBF0 /* Supporting Files */,
				219957481A50D25700ADCBF0 /* Settings.bundle */,
			);
			path = tips;
			sourceTree = "<group>";
		};
		219957221A508C6800ADCBF0 /* Supporting Files */ = {
			isa = PBXGroup;
			children = (
				219957231A508C6800ADCBF0 /* Info.plist */,
			);
			name = "Supporting Files";
			sourceTree = "<group>";
		};
		219957371A508C6900ADCBF0 /* tipsTests */ = {
			isa = PBXGroup;
			children = (
				2199573A1A508C6900ADCBF0 /* tipsTests.swift */,
				219957381A508C6900ADCBF0 /* Supporting Files */,
			);
			path = tipsTests;
			sourceTree = "<group>";
		};
		219957381A508C6900ADCBF0 /* Supporting Files */ = {
			isa = PBXGroup;
			children = (
				219957391A508C6900ADCBF0 /* Info.plist */,
			);
			name = "Supporting Files";
			sourceTree = "<group>";
		};
/* End PBXGroup section */

/* Begin PBXNativeTarget section */
		2199571E1A508C6800ADCBF0 /* tips */ = {
			isa = PBXNativeTarget;
			buildConfigurationList = 2199573E1A508C6900ADCBF0 /* Build configuration list for PBXNativeTarget "tips" */;
			buildPhases = (
				2199571B1A508C6800ADCBF0 /* Sources */,
				2199571C1A508C6800ADCBF0 /* Frameworks */,
				2199571D1A508C6800ADCBF0 /* Resources */,
			);
			buildRules = (
			);
			dependencies = (
			);
			name = tips;
			productName = tips;
			productReference = 2199571F1A508C6800ADCBF0 /* tips.app */;
			productType = "com.apple.product-type.application";
		};
		219957331A508C6900ADCBF0 /* tipsTests */ = {
			isa = PBXNativeTarget;
			buildConfigurationList = 219957411A508C6900ADCBF0 /* Build configuration list for PBXNativeTarget "tipsTests" */;
			buildPhases = (
				219957301A508C6900ADCBF0 /* Sources */,
				219957311A508C6900ADCBF0 /* Frameworks */,
				219957321A508C6900ADCBF0 /* Resources */,
			);
			buildRules = (
			);
			dependencies = (
				219957361A508C6900ADCBF0 /* PBXTargetDependency */,
			);
			name = tipsTests;
			productName = tipsTests;
			productReference = 219957341A508C6900ADCBF0 /* tipsTests.xctest */;
			productType = "com.apple.product-type.bundle.unit-test";
		};
/* End PBXNativeTarget section */

/* Begin PBXProject section */
		219957171A508C6800ADCBF0 /* Project object */ = {
			isa = PBXProject;
			attributes = {
				LastUpgradeCheck = 0610;
				ORGANIZATIONNAME = codepathproject;
				TargetAttributes = {
					2199571E1A508C6800ADCBF0 = {
						CreatedOnToolsVersion = 6.1.1;
					};
					219957331A508C6900ADCBF0 = {
						CreatedOnToolsVersion = 6.1.1;
						TestTargetID = 2199571E1A508C6800ADCBF0;
					};
				};
			};
			buildConfigurationList = 2199571A1A508C6800ADCBF0 /* Build configuration list for PBXProject "tips" */;
			compatibilityVersion = "Xcode 3.2";
			developmentRegion = English;
			hasScannedForEncodings = 0;
			knownRegions = (
				en,
				Base,
			);
			mainGroup = 219957161A508C6800ADCBF0;
			productRefGroup = 219957201A508C6800ADCBF0 /* Products */;
			projectDirPath = "";
			projectRoot = "";
			targets = (
				2199571E1A508C6800ADCBF0 /* tips */,
				219957331A508C6900ADCBF0 /* tipsTests */,
			);
		};
/* End PBXProject section */

/* Begin PBXResourcesBuildPhase section */
		2199571D1A508C6800ADCBF0 /* Resources */ = {
			isa = PBXResourcesBuildPhase;
			buildActionMask = 2147483647;
			files = (
				219957491A50D25700ADCBF0 /* Settings.bundle in Resources */,
				2199572A1A508C6800ADCBF0 /* Main.storyboard in Resources */,
				2199572F1A508C6800ADCBF0 /* LaunchScreen.xib in Resources */,
				2199572C1A508C6800ADCBF0 /* Images.xcassets in Resources */,
			);
			runOnlyForDeploymentPostprocessing = 0;
		};
		219957321A508C6900ADCBF0 /* Resources */ = {
			isa = PBXResourcesBuildPhase;
			buildActionMask = 2147483647;
			files = (
			);
			runOnlyForDeploymentPostprocessing = 0;
		};
/* End PBXResourcesBuildPhase section */

/* Begin PBXSourcesBuildPhase section */
		2199571B1A508C6800ADCBF0 /* Sources */ = {
			isa = PBXSourcesBuildPhase;
			buildActionMask = 2147483647;
			files = (
				219957271A508C6800ADCBF0 /* ViewController.swift in Sources */,
				219957251A508C6800ADCBF0 /* AppDelegate.swift in Sources */,
				21010FF91A512C7700A1D19E /* SettingsViewController.swift in Sources */,
			);
			runOnlyForDeploymentPostprocessing = 0;
		};
		219957301A508C6900ADCBF0 /* Sources */ = {
			isa = PBXSourcesBuildPhase;
			buildActionMask = 2147483647;
			files = (
				2199573B1A508C6900ADCBF0 /* tipsTests.swift in Sources */,
			);
			runOnlyForDeploymentPostprocessing = 0;
		};
/* End PBXSourcesBuildPhase section */

/* Begin PBXTargetDependency section */
		219957361A508C6900ADCBF0 /* PBXTargetDependency */ = {
			isa = PBXTargetDependency;
			target = 2199571E1A508C6800ADCBF0 /* tips */;
			targetProxy = 219957351A508C6900ADCBF0 /* PBXContainerItemProxy */;
		};
/* End PBXTargetDependency section */

/* Begin PBXVariantGroup section */
		219957281A508C6800ADCBF0 /* Main.storyboard */ = {
			isa = PBXVariantGroup;
			children = (
				219957291A508C6800ADCBF0 /* Base */,
			);
			name = Main.storyboard;
			sourceTree = "<group>";
		};
		2199572D1A508C6800ADCBF0 /* LaunchScreen.xib */ = {
			isa = PBXVariantGroup;
			children = (
				2199572E1A508C6800ADCBF0 /* Base */,
			);
			name = LaunchScreen.xib;
			sourceTree = "<group>";
		};
/* End PBXVariantGroup section */

/* Begin XCBuildConfiguration section */
		2199573C1A508C6900ADCBF0 /* Debug */ = {
			isa = XCBuildConfiguration;
			buildSettings = {
				ALWAYS_SEARCH_USER_PATHS = NO;
				CLANG_CXX_LANGUAGE_STANDARD = "gnu++0x";
				CLANG_CXX_LIBRARY = "libc++";
				CLANG_ENABLE_MODULES = YES;
				CLANG_ENABLE_OBJC_ARC = YES;
				CLANG_WARN_BOOL_CONVERSION = YES;
				CLANG_WARN_CONSTANT_CONVERSION = YES;
				CLANG_WARN_DIRECT_OBJC_ISA_USAGE = YES_ERROR;
				CLANG_WARN_EMPTY_BODY = YES;
				CLANG_WARN_ENUM_CONVERSION = YES;
				CLANG_WARN_INT_CONVERSION = YES;
				CLANG_WARN_OBJC_ROOT_CLASS = YES_ERROR;
				CLANG_WARN_UNREACHABLE_CODE = YES;
				CLANG_WARN__DUPLICATE_METHOD_MATCH = YES;
				"CODE_SIGN_IDENTITY[sdk=iphoneos*]" = "iPhone Developer";
				COPY_PHASE_STRIP = NO;
				ENABLE_STRICT_OBJC_MSGSEND = YES;
				GCC_C_LANGUAGE_STANDARD = gnu99;
				GCC_DYNAMIC_NO_PIC = NO;
				GCC_OPTIMIZATION_LEVEL = 0;
				GCC_PREPROCESSOR_DEFINITIONS = (
					"DEBUG=1",
					"$(inherited)",
				);
				GCC_SYMBOLS_PRIVATE_EXTERN = NO;
				GCC_WARN_64_TO_32_BIT_CONVERSION = YES;
				GCC_WARN_ABOUT_RETURN_TYPE = YES_ERROR;
				GCC_WARN_UNDECLARED_SELECTOR = YES;
				GCC_WARN_UNINITIALIZED_AUTOS = YES_AGGRESSIVE;
				GCC_WARN_UNUSED_FUNCTION = YES;
				GCC_WARN_UNUSED_VARIABLE = YES;
				IPHONEOS_DEPLOYMENT_TARGET = 8.1;
				MTL_ENABLE_DEBUG_INFO = YES;
				ONLY_ACTIVE_ARCH = YES;
				SDKROOT = iphoneos;
				SWIFT_OPTIMIZATION_LEVEL = "-Onone";
				TARGETED_DEVICE_FAMILY = "1,2";
			};
			name = Debug;
		};
		2199573D1A508C6900ADCBF0 /* Release */ = {
			isa = XCBuildConfiguration;
			buildSettings = {
				ALWAYS_SEARCH_USER_PATHS = NO;
				CLANG_CXX_LANGUAGE_STANDARD = "gnu++0x";
				CLANG_CXX_LIBRARY = "libc++";
				CLANG_ENABLE_MODULES = YES;
				CLANG_ENABLE_OBJC_ARC = YES;
				CLANG_WARN_BOOL_CONVERSION = YES;
				CLANG_WARN_CONSTANT_CONVERSION = YES;
				CLANG_WARN_DIRECT_OBJC_ISA_USAGE = YES_ERROR;
				CLANG_WARN_EMPTY_BODY = YES;
				CLANG_WARN_ENUM_CONVERSION = YES;
				CLANG_WARN_INT_CONVERSION = YES;
				CLANG_WARN_OBJC_ROOT_CLASS = YES_ERROR;
				CLANG_WARN_UNREACHABLE_CODE = YES;
				CLANG_WARN__DUPLICATE_METHOD_MATCH = YES;
				"CODE_SIGN_IDENTITY[sdk=iphoneos*]" = "iPhone Developer";
				COPY_PHASE_STRIP = YES;
				ENABLE_NS_ASSERTIONS = NO;
				ENABLE_STRICT_OBJC_MSGSEND = YES;
				GCC_C_LANGUAGE_STANDARD = gnu99;
				GCC_WARN_64_TO_32_BIT_CONVERSION = YES;
				GCC_WARN_ABOUT_RETURN_TYPE = YES_ERROR;
				GCC_WARN_UNDECLARED_SELECTOR = YES;
				GCC_WARN_UNINITIALIZED_AUTOS = YES_AGGRESSIVE;
				GCC_WARN_UNUSED_FUNCTION = YES;
				GCC_WARN_UNUSED_VARIABLE = YES;
				IPHONEOS_DEPLOYMENT_TARGET = 8.1;
				MTL_ENABLE_DEBUG_INFO = NO;
				SDKROOT = iphoneos;
				TARGETED_DEVICE_FAMILY = "1,2";
				VALIDATE_PRODUCT = YES;
			};
			name = Release;
		};
		2199573F1A508C6900ADCBF0 /* Debug */ = {
			isa = XCBuildConfiguration;
			buildSettings = {
				ASSETCATALOG_COMPILER_APPICON_NAME = AppIcon;
				INFOPLIST_FILE = tips/Info.plist;
				LD_RUNPATH_SEARCH_PATHS = "$(inherited) @executable_path/Frameworks";
				PRODUCT_NAME = "$(TARGET_NAME)";
			};
			name = Debug;
		};
		219957401A508C6900ADCBF0 /* Release */ = {
			isa = XCBuildConfiguration;
			buildSettings = {
				ASSETCATALOG_COMPILER_APPICON_NAME = AppIcon;
				INFOPLIST_FILE = tips/Info.plist;
				LD_RUNPATH_SEARCH_PATHS = "$(inherited) @executable_path/Frameworks";
				PRODUCT_NAME = "$(TARGET_NAME)";
			};
			name = Release;
		};
		219957421A508C6900ADCBF0 /* Debug */ = {
			isa = XCBuildConfiguration;
			buildSettings = {
				BUNDLE_LOADER = "$(TEST_HOST)";
				FRAMEWORK_SEARCH_PATHS = (
					"$(SDKROOT)/Developer/Library/Frameworks",
					"$(inherited)",
				);
				GCC_PREPROCESSOR_DEFINITIONS = (
					"DEBUG=1",
					"$(inherited)",
				);
				INFOPLIST_FILE = tipsTests/Info.plist;
				LD_RUNPATH_SEARCH_PATHS = "$(inherited) @executable_path/Frameworks @loader_path/Frameworks";
				PRODUCT_NAME = "$(TARGET_NAME)";
				TEST_HOST = "$(BUILT_PRODUCTS_DIR)/tips.app/tips";
			};
			name = Debug;
		};
		219957431A508C6900ADCBF0 /* Release */ = {
			isa = XCBuildConfiguration;
			buildSettings = {
				BUNDLE_LOADER = "$(TEST_HOST)";
				FRAMEWORK_SEARCH_PATHS = (
					"$(SDKROOT)/Developer/Library/Frameworks",
					"$(inherited)",
				);
				INFOPLIST_FILE = tipsTests/Info.plist;
				LD_RUNPATH_SEARCH_PATHS = "$(inherited) @executable_path/Frameworks @loader_path/Frameworks";
				PRODUCT_NAME = "$(TARGET_NAME)";
				TEST_HOST = "$(BUILT_PRODUCTS_DIR)/tips.app/tips";
			};
			name = Release;
		};
/* End XCBuildConfiguration section */

/* Begin XCConfigurationList section */
		2199571A1A508C6800ADCBF0 /* Build configuration list for PBXProject "tips" */ = {
			isa = XCConfigurationList;
			buildConfigurations = (
				2199573C1A508C6900ADCBF0 /* Debug */,
				2199573D1A508C6900ADCBF0 /* Release */,
			);
			defaultConfigurationIsVisible = 0;
			defaultConfigurationName = Release;
		};
		2199573E1A508C6900ADCBF0 /* Build configuration list for PBXNativeTarget "tips" */ = {
			isa = XCConfigurationList;
			buildConfigurations = (
				2199573F1A508C6900ADCBF0 /* Debug */,
				219957401A508C6900ADCBF0 /* Release */,
			);
			defaultConfigurationIsVisible = 0;
			defaultConfigurationName = Release;
		};
		219957411A508C6900ADCBF0 /* Build configuration list for PBXNativeTarget "tipsTests" */ = {
			isa = XCConfigurationList;
			buildConfigurations = (
				219957421A508C6900ADCBF0 /* Debug */,
				219957431A508C6900ADCBF0 /* Release */,
			);
			defaultConfigurationIsVisible = 0;
			defaultConfigurationName = Release;
		};
/* End XCConfigurationList section */
	};
	rootObject = 219957171A508C6800ADCBF0 /* Project object */;
}
